
Microsoft Visual Studio Solution File, Format Version 12.00
# Visual Studio 15
VisualStudioVersion = 15.0.28307.329
MinimumVisualStudioVersion = 10.0.40219.1
Project("{FAE04EC0-301F-11D3-BF4B-00C04F79EFBC}") = "MovieLibrary", "MovieLibrary\MovieLibrary.csproj", "{ABAB348E-1A6A-4295-9FB6-57ABE7EE79E1}"
EndProject
Global
	GlobalSection(SolutionConfigurationPlatforms) = preSolution
		Debug|Any CPU = Debug|Any CPU
		Release|Any CPU = Release|Any CPU
	EndGlobalSection
	GlobalSection(ProjectConfigurationPlatforms) = postSolution
		{ABAB348E-1A6A-4295-9FB6-57ABE7EE79E1}.Debug|Any CPU.ActiveCfg = Debug|Any CPU
		{ABAB348E-1A6A-4295-9FB6-57ABE7EE79E1}.Debug|Any CPU.Build.0 = Debug|Any CPU
		{ABAB348E-1A6A-4295-9FB6-57ABE7EE79E1}.Release|Any CPU.ActiveCfg = Release|Any CPU
		{ABAB348E-1A6A-4295-9FB6-57ABE7EE79E1}.Release|Any CPU.Build.0 = Release|Any CPU
	EndGlobalSection
	GlobalSection(SolutionProperties) = preSolution
		HideSolutionNode = FALSE
	EndGlobalSection
	GlobalSection(ExtensibilityGlobals) = postSolution
		SolutionGuid = {CB90842B-6FC7-43FD-9DB6-074D12CEEAF4}
	EndGlobalSection
EndGlobal
